
Microsoft Visual Studio Solution File, Format Version 12.00
Project("{2150E333-8FDC-42A3-9474-1A3956D46DE8}") = "src", "src", "{331F81CE-B123-4523-ABCC-D987077B9D37}"
EndProject
Project("{FAE04EC0-301F-11D3-BF4B-00C04F79EFBC}") = "GameLog.Api.Public.Host", "src\GameLog.Api.Public.Host\GameLog.Api.Public.Host.csproj", "{E95D6539-19E7-4F23-8416-0D24CEA5C6DE}"
EndProject
Project("{FAE04EC0-301F-11D3-BF4B-00C04F79EFBC}") = "GameLog.Infrastructure", "src\GameLog.Infrastructure\GameLog.Infrastructure.csproj", "{BACE2FB4-A742-4E49-AC31-1F53063C7447}"
EndProject
Project("{FAE04EC0-301F-11D3-BF4B-00C04F79EFBC}") = "GameLog.Application", "src\GameLog.Application\GameLog.Application.csproj", "{4F47A4A2-4FFA-4367-A383-3635CF6CA34C}"
EndProject
Project("{FAE04EC0-301F-11D3-BF4B-00C04F79EFBC}") = "GameLog.Domain", "src\GameLog.Domain\GameLog.Domain.csproj", "{64E6C478-6CB1-4C98-9EC9-DD098A9C003F}"
EndProject
Global
	GlobalSection(SolutionConfigurationPlatforms) = preSolution
		Debug|Any CPU = Debug|Any CPU
		Release|Any CPU = Release|Any CPU
	EndGlobalSection
	GlobalSection(ProjectConfigurationPlatforms) = postSolution
		{E95D6539-19E7-4F23-8416-0D24CEA5C6DE}.Debug|Any CPU.ActiveCfg = Debug|Any CPU
		{E95D6539-19E7-4F23-8416-0D24CEA5C6DE}.Debug|Any CPU.Build.0 = Debug|Any CPU
		{E95D6539-19E7-4F23-8416-0D24CEA5C6DE}.Release|Any CPU.ActiveCfg = Release|Any CPU
		{E95D6539-19E7-4F23-8416-0D24CEA5C6DE}.Release|Any CPU.Build.0 = Release|Any CPU
		{BACE2FB4-A742-4E49-AC31-1F53063C7447}.Debug|Any CPU.ActiveCfg = Debug|Any CPU
		{BACE2FB4-A742-4E49-AC31-1F53063C7447}.Debug|Any CPU.Build.0 = Debug|Any CPU
		{BACE2FB4-A742-4E49-AC31-1F53063C7447}.Release|Any CPU.ActiveCfg = Release|Any CPU
		{BACE2FB4-A742-4E49-AC31-1F53063C7447}.Release|Any CPU.Build.0 = Release|Any CPU
		{4F47A4A2-4FFA-4367-A383-3635CF6CA34C}.Debug|Any CPU.ActiveCfg = Debug|Any CPU
		{4F47A4A2-4FFA-4367-A383-3635CF6CA34C}.Debug|Any CPU.Build.0 = Debug|Any CPU
		{4F47A4A2-4FFA-4367-A383-3635CF6CA34C}.Release|Any CPU.ActiveCfg = Release|Any CPU
		{4F47A4A2-4FFA-4367-A383-3635CF6CA34C}.Release|Any CPU.Build.0 = Release|Any CPU
		{64E6C478-6CB1-4C98-9EC9-DD098A9C003F}.Debug|Any CPU.ActiveCfg = Debug|Any CPU
		{64E6C478-6CB1-4C98-9EC9-DD098A9C003F}.Debug|Any CPU.Build.0 = Debug|Any CPU
		{64E6C478-6CB1-4C98-9EC9-DD098A9C003F}.Release|Any CPU.ActiveCfg = Release|Any CPU
		{64E6C478-6CB1-4C98-9EC9-DD098A9C003F}.Release|Any CPU.Build.0 = Release|Any CPU
	EndGlobalSection
	GlobalSection(NestedProjects) = preSolution
		{E95D6539-19E7-4F23-8416-0D24CEA5C6DE} = {331F81CE-B123-4523-ABCC-D987077B9D37}
		{BACE2FB4-A742-4E49-AC31-1F53063C7447} = {331F81CE-B123-4523-ABCC-D987077B9D37}
		{4F47A4A2-4FFA-4367-A383-3635CF6CA34C} = {331F81CE-B123-4523-ABCC-D987077B9D37}
		{64E6C478-6CB1-4C98-9EC9-DD098A9C003F} = {331F81CE-B123-4523-ABCC-D987077B9D37}
	EndGlobalSection
EndGlobal
